// !$*UTF8*$!
{
	archiveVersion = 1;
	classes = {
	};
	objectVersion = 55;
	objects = {

/* Begin PBXBuildFile section */
		94D893132841E8C600DB6A26 /* main.swift in Sources */ = {isa = PBXBuildFile; fileRef = 94D893122841E8C600DB6A26 /* main.swift */; };
/* End PBXBuildFile section */

/* Begin PBXCopyFilesBuildPhase section */
		94D8930D2841E8C600DB6A26 /* CopyFiles */ = {
			isa = PBXCopyFilesBuildPhase;
			buildActionMask = 2147483647;
			dstPath = /usr/share/man/man1/;
			dstSubfolderSpec = 0;
			files = (
			);
			runOnlyForDeploymentPostprocessing = 1;
		};
/* End PBXCopyFilesBuildPhase section */

/* Begin PBXFileReference section */
		94D8930F2841E8C600DB6A26 /* Math_problem */ = {isa = PBXFileReference; explicitFileType = "compiled.mach-o.executable"; includeInIndex = 0; path = Math_problem; sourceTree = BUILT_PRODUCTS_DIR; };
		94D893122841E8C600DB6A26 /* main.swift */ = {isa = PBXFileReference; lastKnownFileType = sourcecode.swift; path = main.swift; sourceTree = "<group>"; };
		94D893192841EFD200DB6A26 /* 浮動小数点操作.swift */ = {isa = PBXFileReference; lastKnownFileType = sourcecode.swift; path = "浮動小数点操作.swift"; sourceTree = "<group>"; };
		94D8931A2841F3DD00DB6A26 /* miniMax_Sum(HackerRank).swift */ = {isa = PBXFileReference; lastKnownFileType = sourcecode.swift; path = "miniMax_Sum(HackerRank).swift"; sourceTree = "<group>"; };
		94D8931B2841FD4D00DB6A26 /* time_Conversion(HackerRank).swift */ = {isa = PBXFileReference; lastKnownFileType = sourcecode.swift; path = "time_Conversion(HackerRank).swift"; sourceTree = "<group>"; };
		94D8931C2841FDDA00DB6A26 /* Breaking_the_records(HackerRank).swift */ = {isa = PBXFileReference; lastKnownFileType = sourcecode.swift; path = "Breaking_the_records(HackerRank).swift"; sourceTree = "<group>"; };
		94D8931F28420C6A00DB6A26 /* Takahashi's Failure(ABC252).swift */ = {isa = PBXFileReference; lastKnownFileType = sourcecode.swift; path = "Takahashi's Failure(ABC252).swift"; sourceTree = "<group>"; };
		94D893202842297F00DB6A26 /* Slot Strategy(ABC252).swift */ = {isa = PBXFileReference; lastKnownFileType = sourcecode.swift; path = "Slot Strategy(ABC252).swift"; sourceTree = "<group>"; };
/* End PBXFileReference section */

/* Begin PBXFrameworksBuildPhase section */
		94D8930C2841E8C600DB6A26 /* Frameworks */ = {
			isa = PBXFrameworksBuildPhase;
			buildActionMask = 2147483647;
			files = (
			);
			runOnlyForDeploymentPostprocessing = 0;
		};
/* End PBXFrameworksBuildPhase section */

/* Begin PBXGroup section */
		94D893062841E8C600DB6A26 = {
			isa = PBXGroup;
			children = (
				94D893112841E8C600DB6A26 /* Math_problem */,
				94D893102841E8C600DB6A26 /* Products */,
			);
			sourceTree = "<group>";
		};
		94D893102841E8C600DB6A26 /* Products */ = {
			isa = PBXGroup;
			children = (
				94D8930F2841E8C600DB6A26 /* Math_problem */,
			);
			name = Products;
			sourceTree = "<group>";
		};
		94D893112841E8C600DB6A26 /* Math_problem */ = {
			isa = PBXGroup;
			children = (
				94D893122841E8C600DB6A26 /* main.swift */,
				94D893192841EFD200DB6A26 /* 浮動小数点操作.swift */,
				94D8931A2841F3DD00DB6A26 /* miniMax_Sum(HackerRank).swift */,
				94D8931B2841FD4D00DB6A26 /* time_Conversion(HackerRank).swift */,
				94D8931C2841FDDA00DB6A26 /* Breaking_the_records(HackerRank).swift */,
				94D8931F28420C6A00DB6A26 /* Takahashi's Failure(ABC252).swift */,
				94D893202842297F00DB6A26 /* Slot Strategy(ABC252).swift */,
			);
			path = Math_problem;
			sourceTree = "<group>";
		};
/* End PBXGroup section */

/* Begin PBXNativeTarget section */
		94D8930E2841E8C600DB6A26 /* Math_problem */ = {
			isa = PBXNativeTarget;
			buildConfigurationList = 94D893162841E8C600DB6A26 /* Build configuration list for PBXNativeTarget "Math_problem" */;
			buildPhases = (
				94D8930B2841E8C600DB6A26 /* Sources */,
				94D8930C2841E8C600DB6A26 /* Frameworks */,
				94D8930D2841E8C600DB6A26 /* CopyFiles */,
			);
			buildRules = (
			);
			dependencies = (
			);
			name = Math_problem;
			productName = Math_problem;
			productReference = 94D8930F2841E8C600DB6A26 /* Math_problem */;
			productType = "com.apple.product-type.tool";
		};
/* End PBXNativeTarget section */

/* Begin PBXProject section */
		94D893072841E8C600DB6A26 /* Project object */ = {
			isa = PBXProject;
			attributes = {
				BuildIndependentTargetsInParallel = 1;
				LastSwiftUpdateCheck = 1330;
				LastUpgradeCheck = 1330;
				TargetAttributes = {
					94D8930E2841E8C600DB6A26 = {
						CreatedOnToolsVersion = 13.3.1;
					};
				};
			};
			buildConfigurationList = 94D8930A2841E8C600DB6A26 /* Build configuration list for PBXProject "Math_problem" */;
			compatibilityVersion = "Xcode 13.0";
			developmentRegion = en;
			hasScannedForEncodings = 0;
			knownRegions = (
				en,
				Base,
			);
			mainGroup = 94D893062841E8C600DB6A26;
			productRefGroup = 94D893102841E8C600DB6A26 /* Products */;
			projectDirPath = "";
			projectRoot = "";
			targets = (
				94D8930E2841E8C600DB6A26 /* Math_problem */,
			);
		};
/* End PBXProject section */

/* Begin PBXSourcesBuildPhase section */
		94D8930B2841E8C600DB6A26 /* Sources */ = {
			isa = PBXSourcesBuildPhase;
			buildActionMask = 2147483647;
			files = (
				94D893132841E8C600DB6A26 /* main.swift in Sources */,
			);
			runOnlyForDeploymentPostprocessing = 0;
		};
/* End PBXSourcesBuildPhase section */

/* Begin XCBuildConfiguration section */
		94D893142841E8C600DB6A26 /* Debug */ = {
			isa = XCBuildConfiguration;
			buildSettings = {
				ALWAYS_SEARCH_USER_PATHS = NO;
				CLANG_ANALYZER_NONNULL = YES;
				CLANG_ANALYZER_NUMBER_OBJECT_CONVERSION = YES_AGGRESSIVE;
				CLANG_CXX_LANGUAGE_STANDARD = "gnu++17";
				CLANG_ENABLE_MODULES = YES;
				CLANG_ENABLE_OBJC_ARC = YES;
				CLANG_ENABLE_OBJC_WEAK = YES;
				CLANG_WARN_BLOCK_CAPTURE_AUTORELEASING = YES;
				CLANG_WARN_BOOL_CONVERSION = YES;
				CLANG_WARN_COMMA = YES;
				CLANG_WARN_CONSTANT_CONVERSION = YES;
				CLANG_WARN_DEPRECATED_OBJC_IMPLEMENTATIONS = YES;
				CLANG_WARN_DIRECT_OBJC_ISA_USAGE = YES_ERROR;
				CLANG_WARN_DOCUMENTATION_COMMENTS = YES;
				CLANG_WARN_EMPTY_BODY = YES;
				CLANG_WARN_ENUM_CONVERSION = YES;
				CLANG_WARN_INFINITE_RECURSION = YES;
				CLANG_WARN_INT_CONVERSION = YES;
				CLANG_WARN_NON_LITERAL_NULL_CONVERSION = YES;
				CLANG_WARN_OBJC_IMPLICIT_RETAIN_SELF = YES;
				CLANG_WARN_OBJC_LITERAL_CONVERSION = YES;
				CLANG_WARN_OBJC_ROOT_CLASS = YES_ERROR;
				CLANG_WARN_QUOTED_INCLUDE_IN_FRAMEWORK_HEADER = YES;
				CLANG_WARN_RANGE_LOOP_ANALYSIS = YES;
				CLANG_WARN_STRICT_PROTOTYPES = YES;
				CLANG_WARN_SUSPICIOUS_MOVE = YES;
				CLANG_WARN_UNGUARDED_AVAILABILITY = YES_AGGRESSIVE;
				CLANG_WARN_UNREACHABLE_CODE = YES;
				CLANG_WARN__DUPLICATE_METHOD_MATCH = YES;
				COPY_PHASE_STRIP = NO;
				DEBUG_INFORMATION_FORMAT = dwarf;
				ENABLE_STRICT_OBJC_MSGSEND = YES;
				ENABLE_TESTABILITY = YES;
				GCC_C_LANGUAGE_STANDARD = gnu11;
				GCC_DYNAMIC_NO_PIC = NO;
				GCC_NO_COMMON_BLOCKS = YES;
				GCC_OPTIMIZATION_LEVEL = 0;
				GCC_PREPROCESSOR_DEFINITIONS = (
					"DEBUG=1",
					"$(inherited)",
				);
				GCC_WARN_64_TO_32_BIT_CONVERSION = YES;
				GCC_WARN_ABOUT_RETURN_TYPE = YES_ERROR;
				GCC_WARN_UNDECLARED_SELECTOR = YES;
				GCC_WARN_UNINITIALIZED_AUTOS = YES_AGGRESSIVE;
				GCC_WARN_UNUSED_FUNCTION = YES;
				GCC_WARN_UNUSED_VARIABLE = YES;
				MACOSX_DEPLOYMENT_TARGET = 12.1;
				MTL_ENABLE_DEBUG_INFO = INCLUDE_SOURCE;
				MTL_FAST_MATH = YES;
				ONLY_ACTIVE_ARCH = YES;
				SDKROOT = macosx;
				SWIFT_ACTIVE_COMPILATION_CONDITIONS = DEBUG;
				SWIFT_OPTIMIZATION_LEVEL = "-Onone";
			};
			name = Debug;
		};
		94D893152841E8C600DB6A26 /* Release */ = {
			isa = XCBuildConfiguration;
			buildSettings = {
				ALWAYS_SEARCH_USER_PATHS = NO;
				CLANG_ANALYZER_NONNULL = YES;
				CLANG_ANALYZER_NUMBER_OBJECT_CONVERSION = YES_AGGRESSIVE;
				CLANG_CXX_LANGUAGE_STANDARD = "gnu++17";
				CLANG_ENABLE_MODULES = YES;
				CLANG_ENABLE_OBJC_ARC = YES;
				CLANG_ENABLE_OBJC_WEAK = YES;
				CLANG_WARN_BLOCK_CAPTURE_AUTORELEASING = YES;
				CLANG_WARN_BOOL_CONVERSION = YES;
				CLANG_WARN_COMMA = YES;
				CLANG_WARN_CONSTANT_CONVERSION = YES;
				CLANG_WARN_DEPRECATED_OBJC_IMPLEMENTATIONS = YES;
				CLANG_WARN_DIRECT_OBJC_ISA_USAGE = YES_ERROR;
				CLANG_WARN_DOCUMENTATION_COMMENTS = YES;
				CLANG_WARN_EMPTY_BODY = YES;
				CLANG_WARN_ENUM_CONVERSION = YES;
				CLANG_WARN_INFINITE_RECURSION = YES;
				CLANG_WARN_INT_CONVERSION = YES;
				CLANG_WARN_NON_LITERAL_NULL_CONVERSION = YES;
				CLANG_WARN_OBJC_IMPLICIT_RETAIN_SELF = YES;
				CLANG_WARN_OBJC_LITERAL_CONVERSION = YES;
				CLANG_WARN_OBJC_ROOT_CLASS = YES_ERROR;
				CLANG_WARN_QUOTED_INCLUDE_IN_FRAMEWORK_HEADER = YES;
				CLANG_WARN_RANGE_LOOP_ANALYSIS = YES;
				CLANG_WARN_STRICT_PROTOTYPES = YES;
				CLANG_WARN_SUSPICIOUS_MOVE = YES;
				CLANG_WARN_UNGUARDED_AVAILABILITY = YES_AGGRESSIVE;
				CLANG_WARN_UNREACHABLE_CODE = YES;
				CLANG_WARN__DUPLICATE_METHOD_MATCH = YES;
				COPY_PHASE_STRIP = NO;
				DEBUG_INFORMATION_FORMAT = "dwarf-with-dsym";
				ENABLE_NS_ASSERTIONS = NO;
				ENABLE_STRICT_OBJC_MSGSEND = YES;
				GCC_C_LANGUAGE_STANDARD = gnu11;
				GCC_NO_COMMON_BLOCKS = YES;
				GCC_WARN_64_TO_32_BIT_CONVERSION = YES;
				GCC_WARN_ABOUT_RETURN_TYPE = YES_ERROR;
				GCC_WARN_UNDECLARED_SELECTOR = YES;
				GCC_WARN_UNINITIALIZED_AUTOS = YES_AGGRESSIVE;
				GCC_WARN_UNUSED_FUNCTION = YES;
				GCC_WARN_UNUSED_VARIABLE = YES;
				MACOSX_DEPLOYMENT_TARGET = 12.1;
				MTL_ENABLE_DEBUG_INFO = NO;
				MTL_FAST_MATH = YES;
				SDKROOT = macosx;
				SWIFT_COMPILATION_MODE = wholemodule;
				SWIFT_OPTIMIZATION_LEVEL = "-O";
			};
			name = Release;
		};
		94D893172841E8C600DB6A26 /* Debug */ = {
			isa = XCBuildConfiguration;
			buildSettings = {
				CODE_SIGN_STYLE = Automatic;
				DEVELOPMENT_TEAM = UNTPRP3C66;
				ENABLE_HARDENED_RUNTIME = YES;
				PRODUCT_NAME = "$(TARGET_NAME)";
				SWIFT_VERSION = 5.0;
			};
			name = Debug;
		};
		94D893182841E8C600DB6A26 /* Release */ = {
			isa = XCBuildConfiguration;
			buildSettings = {
				CODE_SIGN_STYLE = Automatic;
				DEVELOPMENT_TEAM = UNTPRP3C66;
				ENABLE_HARDENED_RUNTIME = YES;
				PRODUCT_NAME = "$(TARGET_NAME)";
				SWIFT_VERSION = 5.0;
			};
			name = Release;
		};
/* End XCBuildConfiguration section */

/* Begin XCConfigurationList section */
		94D8930A2841E8C600DB6A26 /* Build configuration list for PBXProject "Math_problem" */ = {
			isa = XCConfigurationList;
			buildConfigurations = (
				94D893142841E8C600DB6A26 /* Debug */,
				94D893152841E8C600DB6A26 /* Release */,
			);
			defaultConfigurationIsVisible = 0;
			defaultConfigurationName = Release;
		};
		94D893162841E8C600DB6A26 /* Build configuration list for PBXNativeTarget "Math_problem" */ = {
			isa = XCConfigurationList;
			buildConfigurations = (
				94D893172841E8C600DB6A26 /* Debug */,
				94D893182841E8C600DB6A26 /* Release */,
			);
			defaultConfigurationIsVisible = 0;
			defaultConfigurationName = Release;
		};
/* End XCConfigurationList section */
	};
	rootObject = 94D893072841E8C600DB6A26 /* Project object */;
}
