// !$*UTF8*$!
{
	archiveVersion = 1;
	classes = {
	};
	objectVersion = 55;
	objects = {

/* Begin PBXBuildFile section */
		940704BD2833B5B70040F396 /* main.swift in Sources */ = {isa = PBXBuildFile; fileRef = 940704BC2833B5B70040F396 /* main.swift */; };
/* End PBXBuildFile section */

/* Begin PBXCopyFilesBuildPhase section */
		940704B72833B5B70040F396 /* CopyFiles */ = {
			isa = PBXCopyFilesBuildPhase;
			buildActionMask = 2147483647;
			dstPath = /usr/share/man/man1/;
			dstSubfolderSpec = 0;
			files = (
			);
			runOnlyForDeploymentPostprocessing = 1;
		};
/* End PBXCopyFilesBuildPhase section */

/* Begin PBXFileReference section */
		940704B92833B5B70040F396 /* DFS_Algorithm */ = {isa = PBXFileReference; explicitFileType = "compiled.mach-o.executable"; includeInIndex = 0; path = DFS_Algorithm; sourceTree = BUILT_PRODUCTS_DIR; };
		940704BC2833B5B70040F396 /* main.swift */ = {isa = PBXFileReference; lastKnownFileType = sourcecode.swift; path = main.swift; sourceTree = "<group>"; };
		943F7C38283B989C0068BADB /* DFS_Compare_Dictionary_Array.swift */ = {isa = PBXFileReference; lastKnownFileType = sourcecode.swift; path = DFS_Compare_Dictionary_Array.swift; sourceTree = "<group>"; };
		94527A862835027100A2570E /* BOJ_1325(効率的なハッキング).swift */ = {isa = PBXFileReference; lastKnownFileType = sourcecode.swift; path = "BOJ_1325(効率的なハッキング).swift"; sourceTree = "<group>"; };
		94527A87283522D700A2570E /* BOJ_1520(下り道).swift */ = {isa = PBXFileReference; lastKnownFileType = sourcecode.swift; path = "BOJ_1520(下り道).swift"; sourceTree = "<group>"; };
		94527A882835243F00A2570E /* BOJ_1987(アルファベット).swift */ = {isa = PBXFileReference; lastKnownFileType = sourcecode.swift; path = "BOJ_1987(アルファベット).swift"; sourceTree = "<group>"; };
		9459A0382854985D006769B9 /* BOJ_9446(タームプロジェクト)_review1.swift */ = {isa = PBXFileReference; lastKnownFileType = sourcecode.swift; path = "BOJ_9446(タームプロジェクト)_review1.swift"; sourceTree = "<group>"; };
		94A8625E2836445B00FDE9D7 /* BOJ_2468(安全領域).swift */ = {isa = PBXFileReference; lastKnownFileType = sourcecode.swift; path = "BOJ_2468(安全領域).swift"; sourceTree = "<group>"; };
		94A8625F28364D3700FDE9D7 /* BOJ_2406(ウイルス).swift */ = {isa = PBXFileReference; lastKnownFileType = sourcecode.swift; path = "BOJ_2406(ウイルス).swift"; sourceTree = "<group>"; };
		94C795B628589BD800D13E9D /* BOJ_16929(Two Dots).swift */ = {isa = PBXFileReference; lastKnownFileType = sourcecode.swift; path = "BOJ_16929(Two Dots).swift"; sourceTree = "<group>"; };
		94D01DAF283E62B60033410B /* BOJ_9446(タームプロジェクト)HARD.swift */ = {isa = PBXFileReference; lastKnownFileType = sourcecode.swift; path = "BOJ_9446(タームプロジェクト)HARD.swift"; sourceTree = "<group>"; };
		94D13442283CEF9900F8126C /* BOJ_1103(ゲーム).swift */ = {isa = PBXFileReference; lastKnownFileType = sourcecode.swift; path = "BOJ_1103(ゲーム).swift"; sourceTree = "<group>"; };
/* End PBXFileReference section */

/* Begin PBXFrameworksBuildPhase section */
		940704B62833B5B70040F396 /* Frameworks */ = {
			isa = PBXFrameworksBuildPhase;
			buildActionMask = 2147483647;
			files = (
			);
			runOnlyForDeploymentPostprocessing = 0;
		};
/* End PBXFrameworksBuildPhase section */

/* Begin PBXGroup section */
		940704B02833B5B70040F396 = {
			isa = PBXGroup;
			children = (
				940704BB2833B5B70040F396 /* DFS_Algorithm */,
				940704BA2833B5B70040F396 /* Products */,
			);
			sourceTree = "<group>";
		};
		940704BA2833B5B70040F396 /* Products */ = {
			isa = PBXGroup;
			children = (
				940704B92833B5B70040F396 /* DFS_Algorithm */,
			);
			name = Products;
			sourceTree = "<group>";
		};
		940704BB2833B5B70040F396 /* DFS_Algorithm */ = {
			isa = PBXGroup;
			children = (
				940704BC2833B5B70040F396 /* main.swift */,
				94527A862835027100A2570E /* BOJ_1325(効率的なハッキング).swift */,
				94527A87283522D700A2570E /* BOJ_1520(下り道).swift */,
				94527A882835243F00A2570E /* BOJ_1987(アルファベット).swift */,
				94A8625E2836445B00FDE9D7 /* BOJ_2468(安全領域).swift */,
				94A8625F28364D3700FDE9D7 /* BOJ_2406(ウイルス).swift */,
				943F7C38283B989C0068BADB /* DFS_Compare_Dictionary_Array.swift */,
				94D13442283CEF9900F8126C /* BOJ_1103(ゲーム).swift */,
				94D01DAF283E62B60033410B /* BOJ_9446(タームプロジェクト)HARD.swift */,
				9459A0382854985D006769B9 /* BOJ_9446(タームプロジェクト)_review1.swift */,
				94C795B628589BD800D13E9D /* BOJ_16929(Two Dots).swift */,
			);
			path = DFS_Algorithm;
			sourceTree = "<group>";
		};
/* End PBXGroup section */

/* Begin PBXNativeTarget section */
		940704B82833B5B70040F396 /* DFS_Algorithm */ = {
			isa = PBXNativeTarget;
			buildConfigurationList = 940704C02833B5B70040F396 /* Build configuration list for PBXNativeTarget "DFS_Algorithm" */;
			buildPhases = (
				940704B52833B5B70040F396 /* Sources */,
				940704B62833B5B70040F396 /* Frameworks */,
				940704B72833B5B70040F396 /* CopyFiles */,
			);
			buildRules = (
			);
			dependencies = (
			);
			name = DFS_Algorithm;
			productName = DFS_Algorithm;
			productReference = 940704B92833B5B70040F396 /* DFS_Algorithm */;
			productType = "com.apple.product-type.tool";
		};
/* End PBXNativeTarget section */

/* Begin PBXProject section */
		940704B12833B5B70040F396 /* Project object */ = {
			isa = PBXProject;
			attributes = {
				BuildIndependentTargetsInParallel = 1;
				LastSwiftUpdateCheck = 1330;
				LastUpgradeCheck = 1340;
				TargetAttributes = {
					940704B82833B5B70040F396 = {
						CreatedOnToolsVersion = 13.3.1;
					};
				};
			};
			buildConfigurationList = 940704B42833B5B70040F396 /* Build configuration list for PBXProject "DFS_Algorithm" */;
			compatibilityVersion = "Xcode 13.0";
			developmentRegion = en;
			hasScannedForEncodings = 0;
			knownRegions = (
				en,
				Base,
			);
			mainGroup = 940704B02833B5B70040F396;
			productRefGroup = 940704BA2833B5B70040F396 /* Products */;
			projectDirPath = "";
			projectRoot = "";
			targets = (
				940704B82833B5B70040F396 /* DFS_Algorithm */,
			);
		};
/* End PBXProject section */

/* Begin PBXSourcesBuildPhase section */
		940704B52833B5B70040F396 /* Sources */ = {
			isa = PBXSourcesBuildPhase;
			buildActionMask = 2147483647;
			files = (
				940704BD2833B5B70040F396 /* main.swift in Sources */,
			);
			runOnlyForDeploymentPostprocessing = 0;
		};
/* End PBXSourcesBuildPhase section */

/* Begin XCBuildConfiguration section */
		940704BE2833B5B70040F396 /* Debug */ = {
			isa = XCBuildConfiguration;
			buildSettings = {
				ALWAYS_SEARCH_USER_PATHS = NO;
				CLANG_ANALYZER_NONNULL = YES;
				CLANG_ANALYZER_NUMBER_OBJECT_CONVERSION = YES_AGGRESSIVE;
				CLANG_CXX_LANGUAGE_STANDARD = "gnu++17";
				CLANG_ENABLE_MODULES = YES;
				CLANG_ENABLE_OBJC_ARC = YES;
				CLANG_ENABLE_OBJC_WEAK = YES;
				CLANG_WARN_BLOCK_CAPTURE_AUTORELEASING = YES;
				CLANG_WARN_BOOL_CONVERSION = YES;
				CLANG_WARN_COMMA = YES;
				CLANG_WARN_CONSTANT_CONVERSION = YES;
				CLANG_WARN_DEPRECATED_OBJC_IMPLEMENTATIONS = YES;
				CLANG_WARN_DIRECT_OBJC_ISA_USAGE = YES_ERROR;
				CLANG_WARN_DOCUMENTATION_COMMENTS = YES;
				CLANG_WARN_EMPTY_BODY = YES;
				CLANG_WARN_ENUM_CONVERSION = YES;
				CLANG_WARN_INFINITE_RECURSION = YES;
				CLANG_WARN_INT_CONVERSION = YES;
				CLANG_WARN_NON_LITERAL_NULL_CONVERSION = YES;
				CLANG_WARN_OBJC_IMPLICIT_RETAIN_SELF = YES;
				CLANG_WARN_OBJC_LITERAL_CONVERSION = YES;
				CLANG_WARN_OBJC_ROOT_CLASS = YES_ERROR;
				CLANG_WARN_QUOTED_INCLUDE_IN_FRAMEWORK_HEADER = YES;
				CLANG_WARN_RANGE_LOOP_ANALYSIS = YES;
				CLANG_WARN_STRICT_PROTOTYPES = YES;
				CLANG_WARN_SUSPICIOUS_MOVE = YES;
				CLANG_WARN_UNGUARDED_AVAILABILITY = YES_AGGRESSIVE;
				CLANG_WARN_UNREACHABLE_CODE = YES;
				CLANG_WARN__DUPLICATE_METHOD_MATCH = YES;
				COPY_PHASE_STRIP = NO;
				DEBUG_INFORMATION_FORMAT = dwarf;
				ENABLE_STRICT_OBJC_MSGSEND = YES;
				ENABLE_TESTABILITY = YES;
				GCC_C_LANGUAGE_STANDARD = gnu11;
				GCC_DYNAMIC_NO_PIC = NO;
				GCC_NO_COMMON_BLOCKS = YES;
				GCC_OPTIMIZATION_LEVEL = 0;
				GCC_PREPROCESSOR_DEFINITIONS = (
					"DEBUG=1",
					"$(inherited)",
				);
				GCC_WARN_64_TO_32_BIT_CONVERSION = YES;
				GCC_WARN_ABOUT_RETURN_TYPE = YES_ERROR;
				GCC_WARN_UNDECLARED_SELECTOR = YES;
				GCC_WARN_UNINITIALIZED_AUTOS = YES_AGGRESSIVE;
				GCC_WARN_UNUSED_FUNCTION = YES;
				GCC_WARN_UNUSED_VARIABLE = YES;
				MACOSX_DEPLOYMENT_TARGET = 12.1;
				MTL_ENABLE_DEBUG_INFO = INCLUDE_SOURCE;
				MTL_FAST_MATH = YES;
				ONLY_ACTIVE_ARCH = YES;
				SDKROOT = macosx;
				SWIFT_ACTIVE_COMPILATION_CONDITIONS = DEBUG;
				SWIFT_OPTIMIZATION_LEVEL = "-Onone";
			};
			name = Debug;
		};
		940704BF2833B5B70040F396 /* Release */ = {
			isa = XCBuildConfiguration;
			buildSettings = {
				ALWAYS_SEARCH_USER_PATHS = NO;
				CLANG_ANALYZER_NONNULL = YES;
				CLANG_ANALYZER_NUMBER_OBJECT_CONVERSION = YES_AGGRESSIVE;
				CLANG_CXX_LANGUAGE_STANDARD = "gnu++17";
				CLANG_ENABLE_MODULES = YES;
				CLANG_ENABLE_OBJC_ARC = YES;
				CLANG_ENABLE_OBJC_WEAK = YES;
				CLANG_WARN_BLOCK_CAPTURE_AUTORELEASING = YES;
				CLANG_WARN_BOOL_CONVERSION = YES;
				CLANG_WARN_COMMA = YES;
				CLANG_WARN_CONSTANT_CONVERSION = YES;
				CLANG_WARN_DEPRECATED_OBJC_IMPLEMENTATIONS = YES;
				CLANG_WARN_DIRECT_OBJC_ISA_USAGE = YES_ERROR;
				CLANG_WARN_DOCUMENTATION_COMMENTS = YES;
				CLANG_WARN_EMPTY_BODY = YES;
				CLANG_WARN_ENUM_CONVERSION = YES;
				CLANG_WARN_INFINITE_RECURSION = YES;
				CLANG_WARN_INT_CONVERSION = YES;
				CLANG_WARN_NON_LITERAL_NULL_CONVERSION = YES;
				CLANG_WARN_OBJC_IMPLICIT_RETAIN_SELF = YES;
				CLANG_WARN_OBJC_LITERAL_CONVERSION = YES;
				CLANG_WARN_OBJC_ROOT_CLASS = YES_ERROR;
				CLANG_WARN_QUOTED_INCLUDE_IN_FRAMEWORK_HEADER = YES;
				CLANG_WARN_RANGE_LOOP_ANALYSIS = YES;
				CLANG_WARN_STRICT_PROTOTYPES = YES;
				CLANG_WARN_SUSPICIOUS_MOVE = YES;
				CLANG_WARN_UNGUARDED_AVAILABILITY = YES_AGGRESSIVE;
				CLANG_WARN_UNREACHABLE_CODE = YES;
				CLANG_WARN__DUPLICATE_METHOD_MATCH = YES;
				COPY_PHASE_STRIP = NO;
				DEBUG_INFORMATION_FORMAT = "dwarf-with-dsym";
				ENABLE_NS_ASSERTIONS = NO;
				ENABLE_STRICT_OBJC_MSGSEND = YES;
				GCC_C_LANGUAGE_STANDARD = gnu11;
				GCC_NO_COMMON_BLOCKS = YES;
				GCC_WARN_64_TO_32_BIT_CONVERSION = YES;
				GCC_WARN_ABOUT_RETURN_TYPE = YES_ERROR;
				GCC_WARN_UNDECLARED_SELECTOR = YES;
				GCC_WARN_UNINITIALIZED_AUTOS = YES_AGGRESSIVE;
				GCC_WARN_UNUSED_FUNCTION = YES;
				GCC_WARN_UNUSED_VARIABLE = YES;
				MACOSX_DEPLOYMENT_TARGET = 12.1;
				MTL_ENABLE_DEBUG_INFO = NO;
				MTL_FAST_MATH = YES;
				SDKROOT = macosx;
				SWIFT_COMPILATION_MODE = wholemodule;
				SWIFT_OPTIMIZATION_LEVEL = "-O";
			};
			name = Release;
		};
		940704C12833B5B70040F396 /* Debug */ = {
			isa = XCBuildConfiguration;
			buildSettings = {
				CODE_SIGN_IDENTITY = "-";
				CODE_SIGN_STYLE = Automatic;
				DEVELOPMENT_TEAM = UNTPRP3C66;
				ENABLE_HARDENED_RUNTIME = YES;
				PRODUCT_NAME = "$(TARGET_NAME)";
				SWIFT_VERSION = 5.0;
			};
			name = Debug;
		};
		940704C22833B5B70040F396 /* Release */ = {
			isa = XCBuildConfiguration;
			buildSettings = {
				CODE_SIGN_IDENTITY = "-";
				CODE_SIGN_STYLE = Automatic;
				DEVELOPMENT_TEAM = UNTPRP3C66;
				ENABLE_HARDENED_RUNTIME = YES;
				PRODUCT_NAME = "$(TARGET_NAME)";
				SWIFT_VERSION = 5.0;
			};
			name = Release;
		};
/* End XCBuildConfiguration section */

/* Begin XCConfigurationList section */
		940704B42833B5B70040F396 /* Build configuration list for PBXProject "DFS_Algorithm" */ = {
			isa = XCConfigurationList;
			buildConfigurations = (
				940704BE2833B5B70040F396 /* Debug */,
				940704BF2833B5B70040F396 /* Release */,
			);
			defaultConfigurationIsVisible = 0;
			defaultConfigurationName = Release;
		};
		940704C02833B5B70040F396 /* Build configuration list for PBXNativeTarget "DFS_Algorithm" */ = {
			isa = XCConfigurationList;
			buildConfigurations = (
				940704C12833B5B70040F396 /* Debug */,
				940704C22833B5B70040F396 /* Release */,
			);
			defaultConfigurationIsVisible = 0;
			defaultConfigurationName = Release;
		};
/* End XCConfigurationList section */
	};
	rootObject = 940704B12833B5B70040F396 /* Project object */;
}
